
Microsoft Visual Studio Solution File, Format Version 12.00
# Visual Studio 15
VisualStudioVersion = 15.0.27703.2026
MinimumVisualStudioVersion = 10.0.40219.1
Project("{FAE04EC0-301F-11D3-BF4B-00C04F79EFBC}") = "RoslynTest", "RoslynTest\RoslynTest.csproj", "{F161BD02-09D1-4F36-A760-1A05725FCE2C}"
EndProject
Project("{FAE04EC0-301F-11D3-BF4B-00C04F79EFBC}") = "CodeAnalysis", "CodeAnalysis\CodeAnalysis.csproj", "{724EF3E0-27BC-40E1-BAB5-36C0E56FDC3A}"
EndProject
Global
	GlobalSection(SolutionConfigurationPlatforms) = preSolution
		Debug|Any CPU = Debug|Any CPU
		Release|Any CPU = Release|Any CPU
	EndGlobalSection
	GlobalSection(ProjectConfigurationPlatforms) = postSolution
		{F161BD02-09D1-4F36-A760-1A05725FCE2C}.Debug|Any CPU.ActiveCfg = Debug|Any CPU
		{F161BD02-09D1-4F36-A760-1A05725FCE2C}.Debug|Any CPU.Build.0 = Debug|Any CPU
		{F161BD02-09D1-4F36-A760-1A05725FCE2C}.Release|Any CPU.ActiveCfg = Release|Any CPU
		{F161BD02-09D1-4F36-A760-1A05725FCE2C}.Release|Any CPU.Build.0 = Release|Any CPU
		{724EF3E0-27BC-40E1-BAB5-36C0E56FDC3A}.Debug|Any CPU.ActiveCfg = Debug|Any CPU
		{724EF3E0-27BC-40E1-BAB5-36C0E56FDC3A}.Debug|Any CPU.Build.0 = Debug|Any CPU
		{724EF3E0-27BC-40E1-BAB5-36C0E56FDC3A}.Release|Any CPU.ActiveCfg = Release|Any CPU
		{724EF3E0-27BC-40E1-BAB5-36C0E56FDC3A}.Release|Any CPU.Build.0 = Release|Any CPU
	EndGlobalSection
	GlobalSection(SolutionProperties) = preSolution
		HideSolutionNode = FALSE
	EndGlobalSection
	GlobalSection(ExtensibilityGlobals) = postSolution
		SolutionGuid = {FDBFF8A4-461E-41C5-B6EB-AE3B1139B634}
	EndGlobalSection
EndGlobal
